
Microsoft Visual Studio Solution File, Format Version 12.00
# Visual Studio Version 17
VisualStudioVersion = 17.0.31903.59
MinimumVisualStudioVersion = 10.0.40219.1
Project("{2150E333-8FDC-42A3-9474-1A3956D46DE8}") = "src", "src", "{827E0CD3-B72D-47B6-A68D-7590B98EB39B}"
EndProject
Project("{FAE04EC0-301F-11D3-BF4B-00C04F79EFBC}") = "Coms.Domain", "src\Coms.Domain\Coms.Domain.csproj", "{316E990D-1460-477D-A43F-8D37AD17A4ED}"
EndProject
Project("{FAE04EC0-301F-11D3-BF4B-00C04F79EFBC}") = "Coms.Data", "src\Coms.Data\Coms.Data.csproj", "{55959FF8-45E9-47A5-A1CC-EBFC80D30714}"
EndProject
Project("{FAE04EC0-301F-11D3-BF4B-00C04F79EFBC}") = "Coms.Application", "src\Coms.Application\Coms.Application.csproj", "{90689670-76D5-4A91-8AA6-09F7FCC3DF71}"
EndProject
Project("{FAE04EC0-301F-11D3-BF4B-00C04F79EFBC}") = "Coms.Web", "src\Coms.Web\Coms.Web.csproj", "{034FC4DE-1A73-4317-B7E6-A53B703FD5C1}"
EndProject
Project("{FAE04EC0-301F-11D3-BF4B-00C04F79EFBC}") = "Coms.Desktop", "src\Coms.Desktop\Coms.Desktop.csproj", "{6B5830EB-33AC-433A-A2BC-C74D0A3A3837}"
EndProject
Project("{2150E333-8FDC-42A3-9474-1A3956D46DE8}") = "tests", "tests", "{0AB3BF05-4346-4AA6-1389-037BE0695223}"
EndProject
Project("{FAE04EC0-301F-11D3-BF4B-00C04F79EFBC}") = "Coms.Domain.Tests", "tests\Coms.Domain.Tests\Coms.Domain.Tests.csproj", "{4D9C8247-1593-42EE-819C-48779701DF62}"
EndProject
Project("{FAE04EC0-301F-11D3-BF4B-00C04F79EFBC}") = "Coms.Application.Tests", "tests\Coms.Application.Tests\Coms.Application.Tests.csproj", "{E077A7FF-C676-4482-AC4C-76F6E5679CAF}"
EndProject
Project("{FAE04EC0-301F-11D3-BF4B-00C04F79EFBC}") = "Coms.Data.Tests", "tests\Coms.Data.Tests\Coms.Data.Tests.csproj", "{EF42BC98-1DBD-4AC8-8635-47C83EEFFF68}"
EndProject
Project("{FAE04EC0-301F-11D3-BF4B-00C04F79EFBC}") = "Coms.Web.Tests", "tests\Coms.Web.Tests\Coms.Web.Tests.csproj", "{2296F5AE-4AA6-4D11-8240-45693D96B754}"
EndProject
Project("{2150E333-8FDC-42A3-9474-1A3956D46DE8}") = "tools", "tools", "{07C2787E-EAC7-C090-1BA3-A61EC2A24D84}"
EndProject
Project("{FAE04EC0-301F-11D3-BF4B-00C04F79EFBC}") = "Coms.DbMigrator", "tools\Coms.DbMigrator\Coms.DbMigrator.csproj", "{E337018D-E460-4FDF-BBCD-D091549BD0B7}"
EndProject
Global
	GlobalSection(SolutionConfigurationPlatforms) = preSolution
		Debug|Any CPU = Debug|Any CPU
		Debug|x64 = Debug|x64
		Debug|x86 = Debug|x86
		Release|Any CPU = Release|Any CPU
		Release|x64 = Release|x64
		Release|x86 = Release|x86
	EndGlobalSection
	GlobalSection(ProjectConfigurationPlatforms) = postSolution
		{316E990D-1460-477D-A43F-8D37AD17A4ED}.Debug|Any CPU.ActiveCfg = Debug|Any CPU
		{316E990D-1460-477D-A43F-8D37AD17A4ED}.Debug|Any CPU.Build.0 = Debug|Any CPU
		{316E990D-1460-477D-A43F-8D37AD17A4ED}.Debug|x64.ActiveCfg = Debug|Any CPU
		{316E990D-1460-477D-A43F-8D37AD17A4ED}.Debug|x64.Build.0 = Debug|Any CPU
		{316E990D-1460-477D-A43F-8D37AD17A4ED}.Debug|x86.ActiveCfg = Debug|Any CPU
		{316E990D-1460-477D-A43F-8D37AD17A4ED}.Debug|x86.Build.0 = Debug|Any CPU
		{316E990D-1460-477D-A43F-8D37AD17A4ED}.Release|Any CPU.ActiveCfg = Release|Any CPU
		{316E990D-1460-477D-A43F-8D37AD17A4ED}.Release|Any CPU.Build.0 = Release|Any CPU
		{316E990D-1460-477D-A43F-8D37AD17A4ED}.Release|x64.ActiveCfg = Release|Any CPU
		{316E990D-1460-477D-A43F-8D37AD17A4ED}.Release|x64.Build.0 = Release|Any CPU
		{316E990D-1460-477D-A43F-8D37AD17A4ED}.Release|x86.ActiveCfg = Release|Any CPU
		{316E990D-1460-477D-A43F-8D37AD17A4ED}.Release|x86.Build.0 = Release|Any CPU
		{55959FF8-45E9-47A5-A1CC-EBFC80D30714}.Debug|Any CPU.ActiveCfg = Debug|Any CPU
		{55959FF8-45E9-47A5-A1CC-EBFC80D30714}.Debug|Any CPU.Build.0 = Debug|Any CPU
		{55959FF8-45E9-47A5-A1CC-EBFC80D30714}.Debug|x64.ActiveCfg = Debug|Any CPU
		{55959FF8-45E9-47A5-A1CC-EBFC80D30714}.Debug|x64.Build.0 = Debug|Any CPU
		{55959FF8-45E9-47A5-A1CC-EBFC80D30714}.Debug|x86.ActiveCfg = Debug|Any CPU
		{55959FF8-45E9-47A5-A1CC-EBFC80D30714}.Debug|x86.Build.0 = Debug|Any CPU
		{55959FF8-45E9-47A5-A1CC-EBFC80D30714}.Release|Any CPU.ActiveCfg = Release|Any CPU
		{55959FF8-45E9-47A5-A1CC-EBFC80D30714}.Release|Any CPU.Build.0 = Release|Any CPU
		{55959FF8-45E9-47A5-A1CC-EBFC80D30714}.Release|x64.ActiveCfg = Release|Any CPU
		{55959FF8-45E9-47A5-A1CC-EBFC80D30714}.Release|x64.Build.0 = Release|Any CPU
		{55959FF8-45E9-47A5-A1CC-EBFC80D30714}.Release|x86.ActiveCfg = Release|Any CPU
		{55959FF8-45E9-47A5-A1CC-EBFC80D30714}.Release|x86.Build.0 = Release|Any CPU
		{90689670-76D5-4A91-8AA6-09F7FCC3DF71}.Debug|Any CPU.ActiveCfg = Debug|Any CPU
		{90689670-76D5-4A91-8AA6-09F7FCC3DF71}.Debug|Any CPU.Build.0 = Debug|Any CPU
		{90689670-76D5-4A91-8AA6-09F7FCC3DF71}.Debug|x64.ActiveCfg = Debug|Any CPU
		{90689670-76D5-4A91-8AA6-09F7FCC3DF71}.Debug|x64.Build.0 = Debug|Any CPU
		{90689670-76D5-4A91-8AA6-09F7FCC3DF71}.Debug|x86.ActiveCfg = Debug|Any CPU
		{90689670-76D5-4A91-8AA6-09F7FCC3DF71}.Debug|x86.Build.0 = Debug|Any CPU
		{90689670-76D5-4A91-8AA6-09F7FCC3DF71}.Release|Any CPU.ActiveCfg = Release|Any CPU
		{90689670-76D5-4A91-8AA6-09F7FCC3DF71}.Release|Any CPU.Build.0 = Release|Any CPU
		{90689670-76D5-4A91-8AA6-09F7FCC3DF71}.Release|x64.ActiveCfg = Release|Any CPU
		{90689670-76D5-4A91-8AA6-09F7FCC3DF71}.Release|x64.Build.0 = Release|Any CPU
		{90689670-76D5-4A91-8AA6-09F7FCC3DF71}.Release|x86.ActiveCfg = Release|Any CPU
		{90689670-76D5-4A91-8AA6-09F7FCC3DF71}.Release|x86.Build.0 = Release|Any CPU
		{034FC4DE-1A73-4317-B7E6-A53B703FD5C1}.Debug|Any CPU.ActiveCfg = Debug|Any CPU
		{034FC4DE-1A73-4317-B7E6-A53B703FD5C1}.Debug|Any CPU.Build.0 = Debug|Any CPU
		{034FC4DE-1A73-4317-B7E6-A53B703FD5C1}.Debug|x64.ActiveCfg = Debug|Any CPU
		{034FC4DE-1A73-4317-B7E6-A53B703FD5C1}.Debug|x64.Build.0 = Debug|Any CPU
		{034FC4DE-1A73-4317-B7E6-A53B703FD5C1}.Debug|x86.ActiveCfg = Debug|Any CPU
		{034FC4DE-1A73-4317-B7E6-A53B703FD5C1}.Debug|x86.Build.0 = Debug|Any CPU
		{034FC4DE-1A73-4317-B7E6-A53B703FD5C1}.Release|Any CPU.ActiveCfg = Release|Any CPU
		{034FC4DE-1A73-4317-B7E6-A53B703FD5C1}.Release|Any CPU.Build.0 = Release|Any CPU
		{034FC4DE-1A73-4317-B7E6-A53B703FD5C1}.Release|x64.ActiveCfg = Release|Any CPU
		{034FC4DE-1A73-4317-B7E6-A53B703FD5C1}.Release|x64.Build.0 = Release|Any CPU
		{034FC4DE-1A73-4317-B7E6-A53B703FD5C1}.Release|x86.ActiveCfg = Release|Any CPU
		{034FC4DE-1A73-4317-B7E6-A53B703FD5C1}.Release|x86.Build.0 = Release|Any CPU
		{6B5830EB-33AC-433A-A2BC-C74D0A3A3837}.Debug|Any CPU.ActiveCfg = Debug|Any CPU
		{6B5830EB-33AC-433A-A2BC-C74D0A3A3837}.Debug|Any CPU.Build.0 = Debug|Any CPU
		{6B5830EB-33AC-433A-A2BC-C74D0A3A3837}.Debug|x64.ActiveCfg = Debug|Any CPU
		{6B5830EB-33AC-433A-A2BC-C74D0A3A3837}.Debug|x64.Build.0 = Debug|Any CPU
		{6B5830EB-33AC-433A-A2BC-C74D0A3A3837}.Debug|x86.ActiveCfg = Debug|Any CPU
		{6B5830EB-33AC-433A-A2BC-C74D0A3A3837}.Debug|x86.Build.0 = Debug|Any CPU
		{6B5830EB-33AC-433A-A2BC-C74D0A3A3837}.Release|Any CPU.ActiveCfg = Release|Any CPU
		{6B5830EB-33AC-433A-A2BC-C74D0A3A3837}.Release|Any CPU.Build.0 = Release|Any CPU
		{6B5830EB-33AC-433A-A2BC-C74D0A3A3837}.Release|x64.ActiveCfg = Release|Any CPU
		{6B5830EB-33AC-433A-A2BC-C74D0A3A3837}.Release|x64.Build.0 = Release|Any CPU
		{6B5830EB-33AC-433A-A2BC-C74D0A3A3837}.Release|x86.ActiveCfg = Release|Any CPU
		{6B5830EB-33AC-433A-A2BC-C74D0A3A3837}.Release|x86.Build.0 = Release|Any CPU
		{4D9C8247-1593-42EE-819C-48779701DF62}.Debug|Any CPU.ActiveCfg = Debug|Any CPU
		{4D9C8247-1593-42EE-819C-48779701DF62}.Debug|Any CPU.Build.0 = Debug|Any CPU
		{4D9C8247-1593-42EE-819C-48779701DF62}.Debug|x64.ActiveCfg = Debug|Any CPU
		{4D9C8247-1593-42EE-819C-48779701DF62}.Debug|x64.Build.0 = Debug|Any CPU
		{4D9C8247-1593-42EE-819C-48779701DF62}.Debug|x86.ActiveCfg = Debug|Any CPU
		{4D9C8247-1593-42EE-819C-48779701DF62}.Debug|x86.Build.0 = Debug|Any CPU
		{4D9C8247-1593-42EE-819C-48779701DF62}.Release|Any CPU.ActiveCfg = Release|Any CPU
		{4D9C8247-1593-42EE-819C-48779701DF62}.Release|Any CPU.Build.0 = Release|Any CPU
		{4D9C8247-1593-42EE-819C-48779701DF62}.Release|x64.ActiveCfg = Release|Any CPU
		{4D9C8247-1593-42EE-819C-48779701DF62}.Release|x64.Build.0 = Release|Any CPU
		{4D9C8247-1593-42EE-819C-48779701DF62}.Release|x86.ActiveCfg = Release|Any CPU
		{4D9C8247-1593-42EE-819C-48779701DF62}.Release|x86.Build.0 = Release|Any CPU
		{E077A7FF-C676-4482-AC4C-76F6E5679CAF}.Debug|Any CPU.ActiveCfg = Debug|Any CPU
		{E077A7FF-C676-4482-AC4C-76F6E5679CAF}.Debug|Any CPU.Build.0 = Debug|Any CPU
		{E077A7FF-C676-4482-AC4C-76F6E5679CAF}.Debug|x64.ActiveCfg = Debug|Any CPU
		{E077A7FF-C676-4482-AC4C-76F6E5679CAF}.Debug|x64.Build.0 = Debug|Any CPU
		{E077A7FF-C676-4482-AC4C-76F6E5679CAF}.Debug|x86.ActiveCfg = Debug|Any CPU
		{E077A7FF-C676-4482-AC4C-76F6E5679CAF}.Debug|x86.Build.0 = Debug|Any CPU
		{E077A7FF-C676-4482-AC4C-76F6E5679CAF}.Release|Any CPU.ActiveCfg = Release|Any CPU
		{E077A7FF-C676-4482-AC4C-76F6E5679CAF}.Release|Any CPU.Build.0 = Release|Any CPU
		{E077A7FF-C676-4482-AC4C-76F6E5679CAF}.Release|x64.ActiveCfg = Release|Any CPU
		{E077A7FF-C676-4482-AC4C-76F6E5679CAF}.Release|x64.Build.0 = Release|Any CPU
		{E077A7FF-C676-4482-AC4C-76F6E5679CAF}.Release|x86.ActiveCfg = Release|Any CPU
		{E077A7FF-C676-4482-AC4C-76F6E5679CAF}.Release|x86.Build.0 = Release|Any CPU
		{EF42BC98-1DBD-4AC8-8635-47C83EEFFF68}.Debug|Any CPU.ActiveCfg = Debug|Any CPU
		{EF42BC98-1DBD-4AC8-8635-47C83EEFFF68}.Debug|Any CPU.Build.0 = Debug|Any CPU
		{EF42BC98-1DBD-4AC8-8635-47C83EEFFF68}.Debug|x64.ActiveCfg = Debug|Any CPU
		{EF42BC98-1DBD-4AC8-8635-47C83EEFFF68}.Debug|x64.Build.0 = Debug|Any CPU
		{EF42BC98-1DBD-4AC8-8635-47C83EEFFF68}.Debug|x86.ActiveCfg = Debug|Any CPU
		{EF42BC98-1DBD-4AC8-8635-47C83EEFFF68}.Debug|x86.Build.0 = Debug|Any CPU
		{EF42BC98-1DBD-4AC8-8635-47C83EEFFF68}.Release|Any CPU.ActiveCfg = Release|Any CPU
		{EF42BC98-1DBD-4AC8-8635-47C83EEFFF68}.Release|Any CPU.Build.0 = Release|Any CPU
		{EF42BC98-1DBD-4AC8-8635-47C83EEFFF68}.Release|x64.ActiveCfg = Release|Any CPU
		{EF42BC98-1DBD-4AC8-8635-47C83EEFFF68}.Release|x64.Build.0 = Release|Any CPU
		{EF42BC98-1DBD-4AC8-8635-47C83EEFFF68}.Release|x86.ActiveCfg = Release|Any CPU
		{EF42BC98-1DBD-4AC8-8635-47C83EEFFF68}.Release|x86.Build.0 = Release|Any CPU
		{2296F5AE-4AA6-4D11-8240-45693D96B754}.Debug|Any CPU.ActiveCfg = Debug|Any CPU
		{2296F5AE-4AA6-4D11-8240-45693D96B754}.Debug|Any CPU.Build.0 = Debug|Any CPU
		{2296F5AE-4AA6-4D11-8240-45693D96B754}.Debug|x64.ActiveCfg = Debug|Any CPU
		{2296F5AE-4AA6-4D11-8240-45693D96B754}.Debug|x64.Build.0 = Debug|Any CPU
		{2296F5AE-4AA6-4D11-8240-45693D96B754}.Debug|x86.ActiveCfg = Debug|Any CPU
		{2296F5AE-4AA6-4D11-8240-45693D96B754}.Debug|x86.Build.0 = Debug|Any CPU
		{2296F5AE-4AA6-4D11-8240-45693D96B754}.Release|Any CPU.ActiveCfg = Release|Any CPU
		{2296F5AE-4AA6-4D11-8240-45693D96B754}.Release|Any CPU.Build.0 = Release|Any CPU
		{2296F5AE-4AA6-4D11-8240-45693D96B754}.Release|x64.ActiveCfg = Release|Any CPU
		{2296F5AE-4AA6-4D11-8240-45693D96B754}.Release|x64.Build.0 = Release|Any CPU
		{2296F5AE-4AA6-4D11-8240-45693D96B754}.Release|x86.ActiveCfg = Release|Any CPU
		{2296F5AE-4AA6-4D11-8240-45693D96B754}.Release|x86.Build.0 = Release|Any CPU
		{E337018D-E460-4FDF-BBCD-D091549BD0B7}.Debug|Any CPU.ActiveCfg = Debug|Any CPU
		{E337018D-E460-4FDF-BBCD-D091549BD0B7}.Debug|Any CPU.Build.0 = Debug|Any CPU
		{E337018D-E460-4FDF-BBCD-D091549BD0B7}.Debug|x64.ActiveCfg = Debug|Any CPU
		{E337018D-E460-4FDF-BBCD-D091549BD0B7}.Debug|x64.Build.0 = Debug|Any CPU
		{E337018D-E460-4FDF-BBCD-D091549BD0B7}.Debug|x86.ActiveCfg = Debug|Any CPU
		{E337018D-E460-4FDF-BBCD-D091549BD0B7}.Debug|x86.Build.0 = Debug|Any CPU
		{E337018D-E460-4FDF-BBCD-D091549BD0B7}.Release|Any CPU.ActiveCfg = Release|Any CPU
		{E337018D-E460-4FDF-BBCD-D091549BD0B7}.Release|Any CPU.Build.0 = Release|Any CPU
		{E337018D-E460-4FDF-BBCD-D091549BD0B7}.Release|x64.ActiveCfg = Release|Any CPU
		{E337018D-E460-4FDF-BBCD-D091549BD0B7}.Release|x64.Build.0 = Release|Any CPU
		{E337018D-E460-4FDF-BBCD-D091549BD0B7}.Release|x86.ActiveCfg = Release|Any CPU
		{E337018D-E460-4FDF-BBCD-D091549BD0B7}.Release|x86.Build.0 = Release|Any CPU
	EndGlobalSection
	GlobalSection(SolutionProperties) = preSolution
		HideSolutionNode = FALSE
	EndGlobalSection
	GlobalSection(NestedProjects) = preSolution
		{316E990D-1460-477D-A43F-8D37AD17A4ED} = {827E0CD3-B72D-47B6-A68D-7590B98EB39B}
		{55959FF8-45E9-47A5-A1CC-EBFC80D30714} = {827E0CD3-B72D-47B6-A68D-7590B98EB39B}
		{90689670-76D5-4A91-8AA6-09F7FCC3DF71} = {827E0CD3-B72D-47B6-A68D-7590B98EB39B}
		{034FC4DE-1A73-4317-B7E6-A53B703FD5C1} = {827E0CD3-B72D-47B6-A68D-7590B98EB39B}
		{6B5830EB-33AC-433A-A2BC-C74D0A3A3837} = {827E0CD3-B72D-47B6-A68D-7590B98EB39B}
		{4D9C8247-1593-42EE-819C-48779701DF62} = {0AB3BF05-4346-4AA6-1389-037BE0695223}
		{E077A7FF-C676-4482-AC4C-76F6E5679CAF} = {0AB3BF05-4346-4AA6-1389-037BE0695223}
		{EF42BC98-1DBD-4AC8-8635-47C83EEFFF68} = {0AB3BF05-4346-4AA6-1389-037BE0695223}
		{2296F5AE-4AA6-4D11-8240-45693D96B754} = {0AB3BF05-4346-4AA6-1389-037BE0695223}
		{E337018D-E460-4FDF-BBCD-D091549BD0B7} = {07C2787E-EAC7-C090-1BA3-A61EC2A24D84}
	EndGlobalSection
EndGlobal
